
Microsoft Visual Studio Solution File, Format Version 12.00
# Visual Studio Version 16
VisualStudioVersion = 16.0.30611.23
MinimumVisualStudioVersion = 10.0.40219.1
Project("{9A19103F-16F7-4668-BE54-9A1E7A4F7556}") = "Pursuit_API", "Pursuit_API\Pursuit_API.csproj", "{924BBD66-9ACC-42AF-8359-CD7E6D71FC3B}"
EndProject
Project("{FAE04EC0-301F-11D3-BF4B-00C04F79EFBC}") = "Pursuit_Core", "Pursuit_Core\Pursuit_Core.csproj", "{7D57D366-C998-40FC-B8F4-C3B24749F883}"
EndProject
Project("{FAE04EC0-301F-11D3-BF4B-00C04F79EFBC}") = "Pursuit_DataAccess", "Pursuit_DataAccess\Pursuit_DataAccess.csproj", "{227EE37D-E0FD-4556-AC86-A936B5B23EB8}"
EndProject
Global
	GlobalSection(SolutionConfigurationPlatforms) = preSolution
		Debug|Any CPU = Debug|Any CPU
		Release|Any CPU = Release|Any CPU
	EndGlobalSection
	GlobalSection(ProjectConfigurationPlatforms) = postSolution
		{924BBD66-9ACC-42AF-8359-CD7E6D71FC3B}.Debug|Any CPU.ActiveCfg = Debug|Any CPU
		{924BBD66-9ACC-42AF-8359-CD7E6D71FC3B}.Debug|Any CPU.Build.0 = Debug|Any CPU
		{924BBD66-9ACC-42AF-8359-CD7E6D71FC3B}.Release|Any CPU.ActiveCfg = Release|Any CPU
		{924BBD66-9ACC-42AF-8359-CD7E6D71FC3B}.Release|Any CPU.Build.0 = Release|Any CPU
		{7D57D366-C998-40FC-B8F4-C3B24749F883}.Debug|Any CPU.ActiveCfg = Debug|Any CPU
		{7D57D366-C998-40FC-B8F4-C3B24749F883}.Debug|Any CPU.Build.0 = Debug|Any CPU
		{7D57D366-C998-40FC-B8F4-C3B24749F883}.Release|Any CPU.ActiveCfg = Release|Any CPU
		{7D57D366-C998-40FC-B8F4-C3B24749F883}.Release|Any CPU.Build.0 = Release|Any CPU
		{227EE37D-E0FD-4556-AC86-A936B5B23EB8}.Debug|Any CPU.ActiveCfg = Debug|Any CPU
		{227EE37D-E0FD-4556-AC86-A936B5B23EB8}.Debug|Any CPU.Build.0 = Debug|Any CPU
		{227EE37D-E0FD-4556-AC86-A936B5B23EB8}.Release|Any CPU.ActiveCfg = Release|Any CPU
		{227EE37D-E0FD-4556-AC86-A936B5B23EB8}.Release|Any CPU.Build.0 = Release|Any CPU
	EndGlobalSection
	GlobalSection(SolutionProperties) = preSolution
		HideSolutionNode = FALSE
	EndGlobalSection
	GlobalSection(ExtensibilityGlobals) = postSolution
		SolutionGuid = {2BE11D76-71FE-4F9F-A314-85E78669DBD4}
	EndGlobalSection
EndGlobal
